
Microsoft Visual Studio Solution File, Format Version 12.00
# Visual Studio 15
Project("{FAE04EC0-301F-11D3-BF4B-00C04F79EFBC}") = "Assembly-CSharp", "Assembly-CSharp.csproj", "{F3F54274-4379-0E46-EAD0-789EC6832A67}"
EndProject
Project("{FAE04EC0-301F-11D3-BF4B-00C04F79EFBC}") = "Assembly-CSharp-Editor", "Assembly-CSharp-Editor.csproj", "{13458BAB-2667-E42A-D959-852C5050E9B3}"
EndProject
Global
	GlobalSection(SolutionConfigurationPlatforms) = preSolution
		Debug|Any CPU = Debug|Any CPU
		Release|Any CPU = Release|Any CPU
	EndGlobalSection
	GlobalSection(ProjectConfigurationPlatforms) = postSolution
		{F3F54274-4379-0E46-EAD0-789EC6832A67}.Debug|Any CPU.ActiveCfg = Debug|Any CPU
		{F3F54274-4379-0E46-EAD0-789EC6832A67}.Debug|Any CPU.Build.0 = Debug|Any CPU
		{F3F54274-4379-0E46-EAD0-789EC6832A67}.Release|Any CPU.ActiveCfg = Release|Any CPU
		{F3F54274-4379-0E46-EAD0-789EC6832A67}.Release|Any CPU.Build.0 = Release|Any CPU
		{13458BAB-2667-E42A-D959-852C5050E9B3}.Debug|Any CPU.ActiveCfg = Debug|Any CPU
		{13458BAB-2667-E42A-D959-852C5050E9B3}.Debug|Any CPU.Build.0 = Debug|Any CPU
		{13458BAB-2667-E42A-D959-852C5050E9B3}.Release|Any CPU.ActiveCfg = Release|Any CPU
		{13458BAB-2667-E42A-D959-852C5050E9B3}.Release|Any CPU.Build.0 = Release|Any CPU
	EndGlobalSection
	GlobalSection(SolutionProperties) = preSolution
		HideSolutionNode = FALSE
	EndGlobalSection
EndGlobal
